{
  "version": "4",
  "specifiers": {
    "npm:@myriaddreamin/typst-ts-node-compiler@0.5.0-rc7": "0.5.0-rc7",
    "npm:@myriaddreamin/typst-ts-node-compiler@0.5.0-rc8": "0.5.0-rc8",
    "npm:@resvg/resvg-js@*": "2.6.2"
  },
  "npm": {
    "@myriaddreamin/typst-ts-node-compiler-android-arm-eabi@0.5.0-rc7": {
      "integrity": "sha512-ylE/EAp6O3Riy0oeFz/QntbdlQi1crbS17WVYmeMRzQYRpvqzFVlSbg6I5TICwru6AxjajZIilcLX38OFSD2EQ=="
    },
    "@myriaddreamin/typst-ts-node-compiler-android-arm-eabi@0.5.0-rc8": {
      "integrity": "sha512-gSd1Nw4FNGixQTRo4isntK2Utupu4yfKRMTgmB6aLn57GVf6Z6NDA4YLw0lQ8dNB4OYceX1wMXmjnoLZGiTk6Q=="
    },
    "@myriaddreamin/typst-ts-node-compiler-android-arm64@0.5.0-rc7": {
      "integrity": "sha512-lYxFmyjiOpLTnTxV4bTnxZFBXKne+0EIbmLEtljOhJcQ8FAI3alLyg+kXYENJkdW49R3YTsk2O6ky9EunDybsA=="
    },
    "@myriaddreamin/typst-ts-node-compiler-android-arm64@0.5.0-rc8": {
      "integrity": "sha512-1eSqCcLASxbdcicxFtYoXrBz4Rm7uhhWu/0DQ8Qo7bvNkzHuRtc4KkyuCZ6NCb/WzWuR4He20ySJZJRZurpgOQ=="
    },
    "@myriaddreamin/typst-ts-node-compiler-darwin-arm64@0.5.0-rc7": {
      "integrity": "sha512-07KG+l/ZBDDTEyd8MQwmXW9FfpLZWB2XMKXs9sG/kDVOUJx0PrdcwTnGDdsLIOgPr05WS/7dx39ngXv/qHpzrg=="
    },
    "@myriaddreamin/typst-ts-node-compiler-darwin-arm64@0.5.0-rc8": {
      "integrity": "sha512-KKty+9lpfzogptuQs78JaFLijucrIdUxnYrCqWR2wHTgc0rnQaqHyec0HQ0oApNDc6u59xURebglQ/nHAVa+WQ=="
    },
    "@myriaddreamin/typst-ts-node-compiler-darwin-x64@0.5.0-rc7": {
      "integrity": "sha512-MADC0GYD10dsgi8ZGFfZcKxfihkuCGvUdZy+aUyREQ5ZWBEvPjqCeHugFk/eq+nw7J7sgKM+9gz0PEpY5q3NMA=="
    },
    "@myriaddreamin/typst-ts-node-compiler-darwin-x64@0.5.0-rc8": {
      "integrity": "sha512-e1P7GkyBV34h9eTDceZDC3qC0stDSN30R1gbZyniHOWu+qIKp0+RgQOLbkMj1Bk+vsOYGtb3zlqRJGEOCImz8w=="
    },
    "@myriaddreamin/typst-ts-node-compiler-linux-arm-gnueabihf@0.5.0-rc7": {
      "integrity": "sha512-QmAGoW/8Sx0RD+q12XRBzlgAOi1DsvVpFdTI15d3ezPmTfaCEu5K/58uZw9rp6Uze/7qv9LotIRgwYtdzVXLjg=="
    },
    "@myriaddreamin/typst-ts-node-compiler-linux-arm-gnueabihf@0.5.0-rc8": {
      "integrity": "sha512-HX19C6kWO8aeg+Ki4pQm2TTmYYLZEW653QwZEoCluAlX7O5HoGxCbsFLnE7v3+ag1dwBcoI2oH5czuKLI7GRvA=="
    },
    "@myriaddreamin/typst-ts-node-compiler-linux-arm64-gnu@0.5.0-rc7": {
      "integrity": "sha512-RLsC1tdlYCniLs+L74Y9H15uy1OaE0/I670hVFFgNyv40WZPNTVtdYnal4Hq4VyMrbEkeLNw380y3jo9cGN8lA=="
    },
    "@myriaddreamin/typst-ts-node-compiler-linux-arm64-gnu@0.5.0-rc8": {
      "integrity": "sha512-ElCka7rGGnB5nmY/Ei6fhS8JWNFRJDTagW1NM2feGvEazpMxDOQDWPg/bUXnUp7RS68L67gyXJSNFlHNWJM6/w=="
    },
    "@myriaddreamin/typst-ts-node-compiler-linux-arm64-musl@0.5.0-rc7": {
      "integrity": "sha512-HYBQzaxFiVqhmNp/j4l/H+rm08Iek3fNwdBKmJvycHHrF2bJ91oLbYoNxDreWBwj9RBaUoNP7oAguqPOuT0eyw=="
    },
    "@myriaddreamin/typst-ts-node-compiler-linux-arm64-musl@0.5.0-rc8": {
      "integrity": "sha512-RbaI/i0rVzu2fyCcUPj89Zt/kmpHqJvxS/VRtbXR6xjXBUBisheRLvmWJrDdMMLf2mS0cwRPxQHGKCOSmB6U5A=="
    },
    "@myriaddreamin/typst-ts-node-compiler-linux-x64-gnu@0.5.0-rc7": {
      "integrity": "sha512-sdAR60y8U61iyPlWEP2EnbCmwV3b+xNjBSYesf7ciBXNgkxRB9Yd7GPfuxxVPbn5dFyp0EtQFgB9DWoArqmPrw=="
    },
    "@myriaddreamin/typst-ts-node-compiler-linux-x64-gnu@0.5.0-rc8": {
      "integrity": "sha512-Mi2TruUZ97ZP920fMdvebRVYfMBxQZXnt14f0CqCy4tmg9sI7/ymBaGhT0vIo7A01cWr1DeTtoE4qUrOzXcDyA=="
    },
    "@myriaddreamin/typst-ts-node-compiler-linux-x64-musl@0.5.0-rc7": {
      "integrity": "sha512-JpNBAX065Zrgw6lY85EViIW5cYfcoD80JHs9CwGHOYafJDYkCEuiT6+omNQbAlXum1l7LK/utn/gZioQ7NTEag=="
    },
    "@myriaddreamin/typst-ts-node-compiler-linux-x64-musl@0.5.0-rc8": {
      "integrity": "sha512-I/GTNDl3Pb9/TyBRPtJqXuykkZ3d07PrSxnUKo1CelpJCk6S3h1BY0vl/3OwpENWGzy0FJehzkF0F8//3XzCgg=="
    },
    "@myriaddreamin/typst-ts-node-compiler-win32-arm64-msvc@0.5.0-rc7": {
      "integrity": "sha512-yhY6aZhRi4YxyQyTj4kucCPMC91fY8d7U0/s9QPtDwnEK9EIkafqGmq2XATWfoKPuoo+8mBS7h1Tp5ZgWRNkGQ=="
    },
    "@myriaddreamin/typst-ts-node-compiler-win32-arm64-msvc@0.5.0-rc8": {
      "integrity": "sha512-G0c+IqUDPdUDnTKyFl1ajf47oGgV1asc3aYtl23U71RK4R0ILnyycgGjE/5E8hD0CLodq5xMV+zW+17TZ4VX0A=="
    },
    "@myriaddreamin/typst-ts-node-compiler-win32-x64-msvc@0.5.0-rc7": {
      "integrity": "sha512-4A2Zv8RFIvUV1/CZjkRpwXM56GssxuTfZnTOIXR+Q/7/WstPXwWEqacMO2lI5MZrAjwJQ0ceDKdbUti6bmcrCw=="
    },
    "@myriaddreamin/typst-ts-node-compiler-win32-x64-msvc@0.5.0-rc8": {
      "integrity": "sha512-qlZXCfLDUm1btpESBa4onU2ky7ALwdj369dAmgslNKyOl5JN8RYcyf9Hm7fp8WeVlxVjH2/2zJgPysAHf+SSRw=="
    },
    "@myriaddreamin/typst-ts-node-compiler@0.5.0-rc7": {
      "integrity": "sha512-0/L1uy3No3B5qpvNqrh4VFzFchpwwegpxE96O7JBP7CEaC8xZ0BmCptnG6VgZi+ENFgeJxS2qSZS7G784H7QLg==",
      "dependencies": [
        "@myriaddreamin/typst-ts-node-compiler-android-arm-eabi@0.5.0-rc7",
        "@myriaddreamin/typst-ts-node-compiler-android-arm64@0.5.0-rc7",
        "@myriaddreamin/typst-ts-node-compiler-darwin-arm64@0.5.0-rc7",
        "@myriaddreamin/typst-ts-node-compiler-darwin-x64@0.5.0-rc7",
        "@myriaddreamin/typst-ts-node-compiler-linux-arm-gnueabihf@0.5.0-rc7",
        "@myriaddreamin/typst-ts-node-compiler-linux-arm64-gnu@0.5.0-rc7",
        "@myriaddreamin/typst-ts-node-compiler-linux-arm64-musl@0.5.0-rc7",
        "@myriaddreamin/typst-ts-node-compiler-linux-x64-gnu@0.5.0-rc7",
        "@myriaddreamin/typst-ts-node-compiler-linux-x64-musl@0.5.0-rc7",
        "@myriaddreamin/typst-ts-node-compiler-win32-arm64-msvc@0.5.0-rc7",
        "@myriaddreamin/typst-ts-node-compiler-win32-x64-msvc@0.5.0-rc7"
      ]
    },
    "@myriaddreamin/typst-ts-node-compiler@0.5.0-rc8": {
      "integrity": "sha512-RpMkKYyH7DDJwfX4hMhCkCbby5+rU7UMqRbCe6jmkvrW+FhW5YDxATYnRVEQLgRjbLwGDV5bECLr2/9no+Tn7A==",
      "dependencies": [
        "@myriaddreamin/typst-ts-node-compiler-android-arm-eabi@0.5.0-rc8",
        "@myriaddreamin/typst-ts-node-compiler-android-arm64@0.5.0-rc8",
        "@myriaddreamin/typst-ts-node-compiler-darwin-arm64@0.5.0-rc8",
        "@myriaddreamin/typst-ts-node-compiler-darwin-x64@0.5.0-rc8",
        "@myriaddreamin/typst-ts-node-compiler-linux-arm-gnueabihf@0.5.0-rc8",
        "@myriaddreamin/typst-ts-node-compiler-linux-arm64-gnu@0.5.0-rc8",
        "@myriaddreamin/typst-ts-node-compiler-linux-arm64-musl@0.5.0-rc8",
        "@myriaddreamin/typst-ts-node-compiler-linux-x64-gnu@0.5.0-rc8",
        "@myriaddreamin/typst-ts-node-compiler-linux-x64-musl@0.5.0-rc8",
        "@myriaddreamin/typst-ts-node-compiler-win32-arm64-msvc@0.5.0-rc8",
        "@myriaddreamin/typst-ts-node-compiler-win32-x64-msvc@0.5.0-rc8"
      ]
    },
    "@resvg/resvg-js-android-arm-eabi@2.6.2": {
      "integrity": "sha512-FrJibrAk6v29eabIPgcTUMPXiEz8ssrAk7TXxsiZzww9UTQ1Z5KAbFJs+Z0Ez+VZTYgnE5IQJqBcoSiMebtPHA=="
    },
    "@resvg/resvg-js-android-arm64@2.6.2": {
      "integrity": "sha512-VcOKezEhm2VqzXpcIJoITuvUS/fcjIw5NA/w3tjzWyzmvoCdd+QXIqy3FBGulWdClvp4g+IfUemigrkLThSjAQ=="
    },
    "@resvg/resvg-js-darwin-arm64@2.6.2": {
      "integrity": "sha512-nmok2LnAd6nLUKI16aEB9ydMC6Lidiiq2m1nEBDR1LaaP7FGs4AJ90qDraxX+CWlVuRlvNjyYJTNv8qFjtL9+A=="
    },
    "@resvg/resvg-js-darwin-x64@2.6.2": {
      "integrity": "sha512-GInyZLjgWDfsVT6+SHxQVRwNzV0AuA1uqGsOAW+0th56J7Nh6bHHKXHBWzUrihxMetcFDmQMAX1tZ1fZDYSRsw=="
    },
    "@resvg/resvg-js-linux-arm-gnueabihf@2.6.2": {
      "integrity": "sha512-YIV3u/R9zJbpqTTNwTZM5/ocWetDKGsro0SWp70eGEM9eV2MerWyBRZnQIgzU3YBnSBQ1RcxRZvY/UxwESfZIw=="
    },
    "@resvg/resvg-js-linux-arm64-gnu@2.6.2": {
      "integrity": "sha512-zc2BlJSim7YR4FZDQ8OUoJg5holYzdiYMeobb9pJuGDidGL9KZUv7SbiD4E8oZogtYY42UZEap7dqkkYuA91pg=="
    },
    "@resvg/resvg-js-linux-arm64-musl@2.6.2": {
      "integrity": "sha512-3h3dLPWNgSsD4lQBJPb4f+kvdOSJHa5PjTYVsWHxLUzH4IFTJUAnmuWpw4KqyQ3NA5QCyhw4TWgxk3jRkQxEKg=="
    },
    "@resvg/resvg-js-linux-x64-gnu@2.6.2": {
      "integrity": "sha512-IVUe+ckIerA7xMZ50duAZzwf1U7khQe2E0QpUxu5MBJNao5RqC0zwV/Zm965vw6D3gGFUl7j4m+oJjubBVoftw=="
    },
    "@resvg/resvg-js-linux-x64-musl@2.6.2": {
      "integrity": "sha512-UOf83vqTzoYQO9SZ0fPl2ZIFtNIz/Rr/y+7X8XRX1ZnBYsQ/tTb+cj9TE+KHOdmlTFBxhYzVkP2lRByCzqi4jQ=="
    },
    "@resvg/resvg-js-win32-arm64-msvc@2.6.2": {
      "integrity": "sha512-7C/RSgCa+7vqZ7qAbItfiaAWhyRSoD4l4BQAbVDqRRsRgY+S+hgS3in0Rxr7IorKUpGE69X48q6/nOAuTJQxeQ=="
    },
    "@resvg/resvg-js-win32-ia32-msvc@2.6.2": {
      "integrity": "sha512-har4aPAlvjnLcil40AC77YDIk6loMawuJwFINEM7n0pZviwMkMvjb2W5ZirsNOZY4aDbo5tLx0wNMREp5Brk+w=="
    },
    "@resvg/resvg-js-win32-x64-msvc@2.6.2": {
      "integrity": "sha512-ZXtYhtUr5SSaBrUDq7DiyjOFJqBVL/dOBN7N/qmi/pO0IgiWW/f/ue3nbvu9joWE5aAKDoIzy/CxsY0suwGosQ=="
    },
    "@resvg/resvg-js@2.6.2": {
      "integrity": "sha512-xBaJish5OeGmniDj9cW5PRa/PtmuVU3ziqrbr5xJj901ZDN4TosrVaNZpEiLZAxdfnhAe7uQ7QFWfjPe9d9K2Q==",
      "dependencies": [
        "@resvg/resvg-js-android-arm-eabi",
        "@resvg/resvg-js-android-arm64",
        "@resvg/resvg-js-darwin-arm64",
        "@resvg/resvg-js-darwin-x64",
        "@resvg/resvg-js-linux-arm-gnueabihf",
        "@resvg/resvg-js-linux-arm64-gnu",
        "@resvg/resvg-js-linux-arm64-musl",
        "@resvg/resvg-js-linux-x64-gnu",
        "@resvg/resvg-js-linux-x64-musl",
        "@resvg/resvg-js-win32-arm64-msvc",
        "@resvg/resvg-js-win32-ia32-msvc",
        "@resvg/resvg-js-win32-x64-msvc"
      ]
    }
  },
  "remote": {
    "https://cdn.skypack.dev/-/debug@v4.3.4-o4liVvMlOnQWbLSYZMXw/dist=es2019,mode=imports/optimized/debug.js": "671100993996e39b501301a87000607916d4d2d9f8fc8e9c5200ae5ba64a1389",
    "https://cdn.skypack.dev/-/lodash@v4.17.21-K6GEbP02mWFnLA45zAmi/dist=es2019,mode=imports/optimized/lodash.js": "10c4df47937ffc78548d136dd535a021df5f57182a653260d715c0690dd22978",
    "https://cdn.skypack.dev/-/ms@v2.1.2-giBDZ1IA5lmQ3ZXaa87V/dist=es2019,mode=imports/optimized/ms.js": "fd88e2d51900437011f1ad232f3393ce97db1b87a7844b3c58dd6d65562c1276",
    "https://cdn.skypack.dev/debug@4.3.4": "7b1d010cc930f71b940ba5941da055bc181115229e29de7214bdb4425c68ea76",
    "https://cdn.skypack.dev/lodash": "8280de0b3efd87f06ea0eb330d15b8de32c059556023b8c6524e9eb9e4844dc0",
    "https://deno.land/std@0.158.0/_util/assert.ts": "e94f2eb37cebd7f199952e242c77654e43333c1ac4c5c700e929ea3aa5489f74",
    "https://deno.land/std@0.158.0/_util/os.ts": "8a33345f74990e627b9dfe2de9b040004b08ea5146c7c9e8fe9a29070d193934",
    "https://deno.land/std@0.158.0/async/abortable.ts": "87aa7230be8360c24ad437212311c9e8d4328854baec27b4c7abb26e85515c06",
    "https://deno.land/std@0.158.0/async/deadline.ts": "48ac998d7564969f3e6ec6b6f9bf0217ebd00239b1b2292feba61272d5dd58d0",
    "https://deno.land/std@0.158.0/async/debounce.ts": "de5433bff08a2bb61416fc53b3bd2d5867090c8a815465e5b4a10a77495b1051",
    "https://deno.land/std@0.158.0/async/deferred.ts": "c01de44b9192359cebd3fe93273fcebf9e95110bf3360023917da9a2d1489fae",
    "https://deno.land/std@0.158.0/async/delay.ts": "0419dfc993752849692d1f9647edf13407c7facc3509b099381be99ffbc9d699",
    "https://deno.land/std@0.158.0/async/mod.ts": "dd0a8ed4f3984ffabe2fcca7c9f466b7932d57b1864ffee148a5d5388316db6b",
    "https://deno.land/std@0.158.0/async/mux_async_iterator.ts": "3447b28a2a582224a3d4d3596bccbba6e85040da3b97ed64012f7decce98d093",
    "https://deno.land/std@0.158.0/async/pool.ts": "ef9eb97b388543acbf0ac32647121e4dbe629236899586c4d4311a8770fbb239",
    "https://deno.land/std@0.158.0/async/tee.ts": "d27680d911816fcb3d231e16d690e7588079e66a9b2e5ce8cc354db94fdce95f",
    "https://deno.land/std@0.158.0/bytes/bytes_list.ts": "aba5e2369e77d426b10af1de0dcc4531acecec27f9b9056f4f7bfbf8ac147ab4",
    "https://deno.land/std@0.158.0/bytes/equals.ts": "3c3558c3ae85526f84510aa2b48ab2ad7bdd899e2e0f5b7a8ffc85acb3a6043a",
    "https://deno.land/std@0.158.0/bytes/mod.ts": "763f97d33051cc3f28af1a688dfe2830841192a9fea0cbaa55f927b49d49d0bf",
    "https://deno.land/std@0.158.0/encoding/base64.ts": "c57868ca7fa2fbe919f57f88a623ad34e3d970d675bdc1ff3a9d02bba7409db2",
    "https://deno.land/std@0.158.0/encoding/base64url.ts": "a5f82a9fa703bd85a5eb8e7c1296bc6529e601ebd9642cc2b5eaa6b38fa9e05a",
    "https://deno.land/std@0.158.0/fmt/colors.ts": "ff7dc9c9f33a72bd48bc24b21bbc1b4545d8494a431f17894dbc5fe92a938fc4",
    "https://deno.land/std@0.158.0/io/buffer.ts": "fae02290f52301c4e0188670e730cd902f9307fb732d79c4aa14ebdc82497289",
    "https://deno.land/std@0.158.0/node/_utils.ts": "c86e0728dc99d46b1d590b677616b8c92b7e42e7a060a1975da77552d8cf8441",
    "https://deno.land/std@0.158.0/node/buffer.ts": "43f07b2d1523345bf35b7deb7fcdad6e916020a631a7bc1b5efcaff556db4e1d",
    "https://deno.land/std@0.158.0/node/internal/buffer.mjs": "70b74b34f1617b3492aee6dec35c7bdabbf26e034bfcf640aa61b3d63c5c850f",
    "https://deno.land/std@0.158.0/node/internal/crypto/_keys.ts": "7f993ece8c8e94a292944518cf4173521c6bf01785e75be014cd45a9cc2e4ad5",
    "https://deno.land/std@0.158.0/node/internal/crypto/constants.ts": "d2c8821977aef55e4d66414d623c24a2447791a8b49b6404b8db32d81e20c315",
    "https://deno.land/std@0.158.0/node/internal/error_codes.ts": "ac03c4eae33de3a69d6c98e8678003207eecf75a6900eb847e3fea3c8c9e6d8f",
    "https://deno.land/std@0.158.0/node/internal/errors.ts": "0f66861ffd7a4ee3732098f758800a94154ad5d4bfa56aeb5480855cb3d7a8c6",
    "https://deno.land/std@0.158.0/node/internal/hide_stack_frames.ts": "a91962ec84610bc7ec86022c4593cdf688156a5910c07b5bcd71994225c13a03",
    "https://deno.land/std@0.158.0/node/internal/normalize_encoding.mjs": "3779ec8a7adf5d963b0224f9b85d1bc974a2ec2db0e858396b5d3c2c92138a0a",
    "https://deno.land/std@0.158.0/node/internal/primordials.mjs": "7cf5afe471583e4a384eeea109bdff276b6b7f3a3af830f99f951fb7d57ef423",
    "https://deno.land/std@0.158.0/node/internal/util.mjs": "35d24fb775468cd24443bcf0ec68904b8aa44e5b53845491a5e3382421917f9a",
    "https://deno.land/std@0.158.0/node/internal/util/inspect.mjs": "1ddace0c97719d2cc0869ba177d375e96051301352ec235cbfb2ecbfcd4e8fba",
    "https://deno.land/std@0.158.0/node/internal/util/types.ts": "de6e2b7f9b9985ab881b1e78f05ae51d1fc829ae1584063df21e57b35312f3c4",
    "https://deno.land/std@0.158.0/node/internal/validators.mjs": "67deae0f488d013c8bf485742a5478112b8e48837cb2458c4a8b2669cf7017db",
    "https://deno.land/std@0.158.0/node/internal_binding/_libuv_winerror.ts": "801e05c2742ae6cd42a5f0fd555a255a7308a65732551e962e5345f55eedc519",
    "https://deno.land/std@0.158.0/node/internal_binding/_node.ts": "e4075ba8a37aef4eb5b592c8e3807c39cb49ca8653faf8e01a43421938076c1b",
    "https://deno.land/std@0.158.0/node/internal_binding/_utils.ts": "1c50883b5751a9ea1b38951e62ed63bacfdc9d69ea665292edfa28e1b1c5bd94",
    "https://deno.land/std@0.158.0/node/internal_binding/_winerror.ts": "8811d4be66f918c165370b619259c1f35e8c3e458b8539db64c704fbde0a7cd2",
    "https://deno.land/std@0.158.0/node/internal_binding/buffer.ts": "781e1d13adc924864e6e37ecb5152e8a4e994cf394695136e451c47f00bda76c",
    "https://deno.land/std@0.158.0/node/internal_binding/constants.ts": "f4afc504137fb21f3908ab549931604968dfa62432b285a0874f41c4cade9ed2",
    "https://deno.land/std@0.158.0/node/internal_binding/string_decoder.ts": "5cb1863763d1e9b458bc21d6f976f16d9c18b3b3f57eaf0ade120aee38fba227",
    "https://deno.land/std@0.158.0/node/internal_binding/types.ts": "4c26fb74ba2e45de553c15014c916df6789529a93171e450d5afb016b4c765e7",
    "https://deno.land/std@0.158.0/node/internal_binding/util.ts": "faf5146c3cc3b2d6c26026a818b4a16e91488ab26e63c069f36ba3c3ae24c97b",
    "https://deno.land/std@0.158.0/node/internal_binding/uv.ts": "8c5b971a7e5e66584274fcb8aab958a6b3d5a6232ee8b3dec09b24047d6c008d",
    "https://deno.land/std@0.158.0/streams/conversion.ts": "fc4eb76a14148c43f0b85e903a5a1526391aa40ed9434dc21e34f88304eb823e",
    "https://deno.land/std@0.158.0/testing/_diff.ts": "a23e7fc2b4d8daa3e158fa06856bedf5334ce2a2831e8bf9e509717f455adb2c",
    "https://deno.land/std@0.158.0/testing/_format.ts": "cd11136e1797791045e639e9f0f4640d5b4166148796cad37e6ef75f7d7f3832",
    "https://deno.land/std@0.158.0/testing/asserts.ts": "8696c488bc98d8d175e74dc652a0ffbc7fca93858da01edc57ed33c1148345da",
    "https://deno.land/std@0.211.0/path/_common/assert_path.ts": "2ca275f36ac1788b2acb60fb2b79cb06027198bc2ba6fb7e163efaedde98c297",
    "https://deno.land/std@0.211.0/path/_common/basename.ts": "569744855bc8445f3a56087fd2aed56bdad39da971a8d92b138c9913aecc5fa2",
    "https://deno.land/std@0.211.0/path/_common/constants.ts": "dc5f8057159f4b48cd304eb3027e42f1148cf4df1fb4240774d3492b5d12ac0c",
    "https://deno.land/std@0.211.0/path/_common/strip_trailing_separators.ts": "7024a93447efcdcfeaa9339a98fa63ef9d53de363f1fbe9858970f1bba02655a",
    "https://deno.land/std@0.211.0/path/_os.ts": "8fb9b90fb6b753bd8c77cfd8a33c2ff6c5f5bc185f50de8ca4ac6a05710b2c15",
    "https://deno.land/std@0.211.0/path/basename.ts": "5d341aadb7ada266e2280561692c165771d071c98746fcb66da928870cd47668",
    "https://deno.land/std@0.211.0/path/posix/_util.ts": "1e3937da30f080bfc99fe45d7ed23c47dd8585c5e473b2d771380d3a6937cf9d",
    "https://deno.land/std@0.211.0/path/posix/basename.ts": "39ee27a29f1f35935d3603ccf01d53f3d6e0c5d4d0f84421e65bd1afeff42843",
    "https://deno.land/std@0.211.0/path/windows/_util.ts": "d5f47363e5293fced22c984550d5e70e98e266cc3f31769e1710511803d04808",
    "https://deno.land/std@0.211.0/path/windows/basename.ts": "e2dbf31d1d6385bfab1ce38c333aa290b6d7ae9e0ecb8234a654e583cf22f8fe",
    "https://deno.land/std@0.215.0/assert/assert.ts": "bec068b2fccdd434c138a555b19a2c2393b71dfaada02b7d568a01541e67cdc5",
    "https://deno.land/std@0.215.0/assert/assertion_error.ts": "9f689a101ee586c4ce92f52fa7ddd362e86434ffdf1f848e45987dc7689976b8",
    "https://deno.land/std@0.215.0/bytes/copy.ts": "f29c03168853720dfe82eaa57793d0b9e3543ebfe5306684182f0f1e3bfd422a",
    "https://deno.land/std@0.215.0/io/buffer.ts": "4d1f805f350433e418002accec798bc6c33ce18f614afa65f987c202d7b2234e",
    "https://deno.land/std@0.215.0/io/types.ts": "748bbb3ac96abda03594ef5a0db15ce5450dcc6c0d841c8906f8b10ac8d32c96",
    "https://deno.land/x/b64@1.1.28/src/base64.js": "c81768c67f6f461b01d10ec24c6c4da71e2f12b3c96e32c62146c98c69685101",
    "https://deno.land/x/grammy@v1.30.0/bot.ts": "9576361190e2dfcf7d2a665e6e20b66c15ae7a7cf81c25baea50b6c682b7a439",
    "https://deno.land/x/grammy@v1.30.0/composer.ts": "dab5a40d8a6fdc734bfb218f8b2e4ef846c05b833219ddd3fdee3f145bb2660b",
    "https://deno.land/x/grammy@v1.30.0/context.ts": "9ace341055f75fa9035941aed82617381ef608c6bd4b269c59428bc5b577cddd",
    "https://deno.land/x/grammy@v1.30.0/convenience/constants.ts": "1560129784be52f49aa0bea8716f09ed00dac367fef195be6a2c09bdfc43fb99",
    "https://deno.land/x/grammy@v1.30.0/convenience/frameworks.ts": "d5fce7be2c3d5f21db752b5b98d6eba97c7a2b18e5d41f4fc4654d387174b861",
    "https://deno.land/x/grammy@v1.30.0/convenience/inline_query.ts": "409d1940c7670708064efa495003bcbfdf6763a756b2e6303c464489fd3394ff",
    "https://deno.land/x/grammy@v1.30.0/convenience/input_media.ts": "7af72a5fdb1af0417e31b1327003f536ddfdf64e06ab8bc7f5da6b574de38658",
    "https://deno.land/x/grammy@v1.30.0/convenience/keyboard.ts": "de39a47199a9dde779c396c951a0452080df0e964e9ea366ae4237acdc3302f7",
    "https://deno.land/x/grammy@v1.30.0/convenience/session.ts": "f0ce5742f7938aae146946c8b84d29540d20f592193ebfc217cb79e6e1af33fe",
    "https://deno.land/x/grammy@v1.30.0/convenience/webhook.ts": "53937566edaa258401a44594a8f750a15983952bd99aa4d21c6722a7aa1d77a9",
    "https://deno.land/x/grammy@v1.30.0/core/api.ts": "9671698e5f7aa68a603d34d221be408b3bcb729a3a8c5364254a9a6b68553b46",
    "https://deno.land/x/grammy@v1.30.0/core/client.ts": "0830ccfa575f926092431896071e1999de8a5bd829ffa6c21c1315d58227b51f",
    "https://deno.land/x/grammy@v1.30.0/core/error.ts": "5245f18f273da6be364f525090c24d2e9a282c180904f674f66946f2b2556247",
    "https://deno.land/x/grammy@v1.30.0/core/payload.ts": "420e17c3c2830b5576ea187cfce77578fe09f1204b25c25ea2f220ca7c86e73b",
    "https://deno.land/x/grammy@v1.30.0/filter.ts": "dd30fa957e37a0857e471157bc5a21a13b8f5c3d145b512679aefb3ff5174670",
    "https://deno.land/x/grammy@v1.30.0/mod.ts": "7723e08709ff7fd01df3e463503e14e4fd1a581669380eed70351e1121e8a833",
    "https://deno.land/x/grammy@v1.30.0/platform.deno.ts": "68272a7e1d9a2d74d8a45342526485dbc0531dee812f675d7f8a4e7fc8393028",
    "https://deno.land/x/grammy@v1.30.0/types.deno.ts": "e2b54fac56d6be3aab3fd240cdb4c8b9a72e226317a5dc073d07761d792159a8",
    "https://deno.land/x/grammy@v1.30.0/types.ts": "729415590dfa188dbe924dea614dff4e976babdbabb28a307b869fc25777cdf0",
    "https://deno.land/x/grammy_types@v3.14.0/api.ts": "ae04d6628e3d25ae805bc07a19475065044fc44cde0a40877405bc3544d03a5f",
    "https://deno.land/x/grammy_types@v3.14.0/inline.ts": "ef999d5131968bdc49c0b74d2b0ff94fca310edfa06b02fe1ae1ac2949156934",
    "https://deno.land/x/grammy_types@v3.14.0/langs.ts": "5f5fd09c58ba3ae942dd7cea2696f95587d2032c1829bba4bca81762b7ef73b6",
    "https://deno.land/x/grammy_types@v3.14.0/manage.ts": "2bf2395311dcfdbb97d3227048eb877cac92d2a247563bb0e4f2e45acd4f99b1",
    "https://deno.land/x/grammy_types@v3.14.0/markup.ts": "7430abcea68d294df73a433f621a37cf1281718d3e29e903ed1e474038c7489d",
    "https://deno.land/x/grammy_types@v3.14.0/message.ts": "4054128d05fd2b7ea77fea47f995e5c4d268b7150bc7316f3f03fc203e6567ae",
    "https://deno.land/x/grammy_types@v3.14.0/methods.ts": "8b6f31f5dd827586d0947f9e5e85db919138e55b383159126b29256c5f6d3519",
    "https://deno.land/x/grammy_types@v3.14.0/mod.ts": "7ecea1d3f7085d64419b78183039c78d70d655aeaa8b07f118ffbfb823f5b0b7",
    "https://deno.land/x/grammy_types@v3.14.0/passport.ts": "19820e7d6c279521f8bc8912d6a378239f73d4ab525453808994b5f44ef95215",
    "https://deno.land/x/grammy_types@v3.14.0/payment.ts": "13a80dd951efee47caad8d71dc8efd293247a42ef4bfff587ca64316ff0d638e",
    "https://deno.land/x/grammy_types@v3.14.0/settings.ts": "f8ff810da6f1007ed24cd504809bf46820229c395ff9bfc3e5c8ceaef5b2aae1",
    "https://deno.land/x/grammy_types@v3.14.0/update.ts": "71cc0d5ec860149b71415ba03282b1d7edd0466b36e2789521a3b3a3d7796493",
    "https://deno.land/x/hono@v2.2.3/compose.ts": "e6fa6a97922875478b179867b77f6c912e86e0ecfe30c544d5225a3f1f4749f2",
    "https://deno.land/x/hono@v2.2.3/context.ts": "bbe1bef29dde65a6f62cd218f769662bcdd6a038e305094de03ab2aeea5e2bdc",
    "https://deno.land/x/hono@v2.2.3/deno/serve-static.ts": "85876f1825c93d621684b2f0e64f3040b83d3f3a140a07e82423bc09f5d387bd",
    "https://deno.land/x/hono@v2.2.3/hono.ts": "17546a2720536770cb313904b96eea3955975cd6357490bf380e6e2d3dc7e0aa",
    "https://deno.land/x/hono@v2.2.3/middleware.ts": "2f78aadfc797bbaff4d6ac7bcc87ee22b0bd01a783105038f0be9e82347f0d2f",
    "https://deno.land/x/hono@v2.2.3/middleware/basic-auth/index.ts": "3a065cb26734d133f83acd4491aba2efec72784982f411490a3756132a330761",
    "https://deno.land/x/hono@v2.2.3/middleware/bearer-auth/index.ts": "97e444b4f8ac8afa0dae339960cc4084f4cbd79b76d1dca0937a6424053817b9",
    "https://deno.land/x/hono@v2.2.3/middleware/compress/index.ts": "1dcf1a99cb5b781fe07249bfe57d47ddd29709f5e97152828986d1e8dda15fa8",
    "https://deno.land/x/hono@v2.2.3/middleware/cors/index.ts": "6724a6fb18893d480c2a68a19fc7417ede026c55a4c7059f9c5115d10ee2fdb8",
    "https://deno.land/x/hono@v2.2.3/middleware/etag/index.ts": "e0dda40aa1c22313a967e984e8d13cc8648f95e1eebaada936a3eaf9446e1a21",
    "https://deno.land/x/hono@v2.2.3/middleware/html/index.ts": "bfaf90e83998594e5482502fd0c0a81d104931409234fc9e9aa79feba6746dd7",
    "https://deno.land/x/hono@v2.2.3/middleware/jsx/index.ts": "10978f16a3747b77b6b56859e750a0896d7b1369056d34b77934498d65c82598",
    "https://deno.land/x/hono@v2.2.3/middleware/jwt/index.ts": "da13e491f80024aab1c1d10a5de3e97caf15a0cfcd03c2686b37245a45b9970f",
    "https://deno.land/x/hono@v2.2.3/middleware/logger/index.ts": "33497ae3a0e8c499cffad936403f0830d7b69e43609946efb0b1d1b156c20e6e",
    "https://deno.land/x/hono@v2.2.3/middleware/powered-by/index.ts": "3c5c0e3892326fe8ba9fcb21af21a1db0f0a24bf9b39abb6c75152e842e9889b",
    "https://deno.land/x/hono@v2.2.3/middleware/pretty-json/index.ts": "cc1ee5d80a47cb05f05bde193bc638dea40807a8110ecf58c1dc030d0443aa99",
    "https://deno.land/x/hono@v2.2.3/middleware/validator/index.ts": "15d56889c469479b64562c78e817e4e79fed1840018e00ee813d88c0bd811ff7",
    "https://deno.land/x/hono@v2.2.3/middleware/validator/middleware.ts": "2c9680fd3264ae9ccbb888742d33e09b86da7f1563986ceb789aa440591c5c7e",
    "https://deno.land/x/hono@v2.2.3/middleware/validator/rule.ts": "34247d9977e1cd7bfa376e6e25a48639686b899301d6f773d6913faa991413e1",
    "https://deno.land/x/hono@v2.2.3/middleware/validator/sanitizer.ts": "da03fdd70baa6d2f178d616a9f35cea1028a15d1429339ee3c3f9eff9aded38f",
    "https://deno.land/x/hono@v2.2.3/middleware/validator/validator.ts": "e25ba7c737afcb75ffce7b76653278bd48cc7dc3d1827d7b865902a9e0a12415",
    "https://deno.land/x/hono@v2.2.3/mod.ts": "b40fd7d8cca0181a1d1fd76c23eee76cb76a2cd256cf1aa7267d1e54c32f2c9b",
    "https://deno.land/x/hono@v2.2.3/request.ts": "de47e859a32005f067017dc788b5aa70f219295f278d123a62452b464a5af92f",
    "https://deno.land/x/hono@v2.2.3/router.ts": "21448bc2e6019574c10fae11237da4367037fa107e68bf3d049cd2fd0efd2adb",
    "https://deno.land/x/hono@v2.2.3/router/reg-exp-router/index.ts": "52755829213941756159b7a963097bafde5cc4fc22b13b1c7c9184dc0512d1db",
    "https://deno.land/x/hono@v2.2.3/router/reg-exp-router/node.ts": "08bb532ffe43e6e11510f9f66122baef43288f05f592b17987fc3a2dc195251a",
    "https://deno.land/x/hono@v2.2.3/router/reg-exp-router/router.ts": "293349cad90ea09f78569117dbd9c67bdb9fe181dccec967ccc8877715f5e10a",
    "https://deno.land/x/hono@v2.2.3/router/reg-exp-router/trie.ts": "ab8a4ec6c3cdfdbcd1f53130db28b6174318bdfa815d57c792154203e71bc3d2",
    "https://deno.land/x/hono@v2.2.3/router/smart-router/index.ts": "74f9b4fe15ea535900f2b9b048581915f12fe94e531dd2b0032f5610e61c3bef",
    "https://deno.land/x/hono@v2.2.3/router/smart-router/router.ts": "1d54f5c87875d856ed5fc2d22a100e1ff31debe3e9d8e9b1cc18d8e5706239f2",
    "https://deno.land/x/hono@v2.2.3/router/static-router/index.ts": "f31aaebff3b2b05f00946d3a8b688289a43b5c2bfb124e54ffadeee6a24a1b52",
    "https://deno.land/x/hono@v2.2.3/router/static-router/router.ts": "6844ad31cc6459144e6bbb4ba35cf30c9295fb24090ec920ae58cf690ca563e4",
    "https://deno.land/x/hono@v2.2.3/router/trie-router/index.ts": "3eb75e7f71ba81801631b30de6b1f5cefb2c7239c03797e2b2cbab5085911b41",
    "https://deno.land/x/hono@v2.2.3/router/trie-router/node.ts": "e863ccb6ae18b3e13dbd8614539d9eeea90a20f3d8e79890c39dfc0839c7507e",
    "https://deno.land/x/hono@v2.2.3/router/trie-router/router.ts": "0a969528a0c1680b552b20f0ca90e484e968ac279be9d5fd952b61a804d680e7",
    "https://deno.land/x/hono@v2.2.3/utils/body.ts": "96967d8678ae0851d80bafe2025bbe06002a385fa9d3dbcbdb416fb14eab5cf4",
    "https://deno.land/x/hono@v2.2.3/utils/buffer.ts": "669673dee1963e93552de2c1daca367d97b6ed1b4acc03eecd06d1b471383a95",
    "https://deno.land/x/hono@v2.2.3/utils/cookie.ts": "545872bd7af3b455c24fd386ecbccfd161e7d4a0038d6b09b1bb22723602f90a",
    "https://deno.land/x/hono@v2.2.3/utils/crypto.ts": "b2c3c9b20133a73189ad3aefe9b1192091dd9620dde59112fe182bcb8ceeb277",
    "https://deno.land/x/hono@v2.2.3/utils/encode.ts": "2cf7faa8c410366e06019d49d97347458c917c5a6a67862ea08cdcff8f3b4858",
    "https://deno.land/x/hono@v2.2.3/utils/filepath.ts": "5f708bb6a2f0b8e83a3333868ac86abdfba15e52b46acb5e13018fa2138f0826",
    "https://deno.land/x/hono@v2.2.3/utils/html.ts": "636c4a04eaea1c52c14a37cd28d83cba66b293d1e31420a4475e951268901ae4",
    "https://deno.land/x/hono@v2.2.3/utils/json.ts": "0a0ffb2293433a07787c4ae5fc56a78b16261b5bbf78af45749f711b247d40ac",
    "https://deno.land/x/hono@v2.2.3/utils/jwt/index.ts": "5e4b82a42eb3603351dfce726cd781ca41cb57437395409d227131aec348d2d5",
    "https://deno.land/x/hono@v2.2.3/utils/jwt/jwt.ts": "4fefadfb914ad88282949d0cce2be16bdbd0b0614d15ecbb340c4fc47a9929b9",
    "https://deno.land/x/hono@v2.2.3/utils/jwt/types.ts": "715514fe59f0c37048b2940528bd4f4ec5795e04f0bc1d6d7e33f8d8bb1fe9de",
    "https://deno.land/x/hono@v2.2.3/utils/mime.ts": "d2f88124c998a1e0ce8a351081b3cb7ffd96224ddd2d5a0d4d69c02ba612f676",
    "https://deno.land/x/hono@v2.2.3/utils/url.ts": "120cfd1297f91dc269454ad4bc3fabb54593cd9994ec2e6c4f56b6d9018419a0",
    "https://deno.land/x/hono@v4.3.11/adapter/deno/serve-static.ts": "db226d30f08f1a8bb77653ead42a911357b2f8710d653e43c01eccebb424b295",
    "https://deno.land/x/hono@v4.3.11/client/client.ts": "dcda3887257fa3164db7b32c56665c6e757f0ef047a14f3f9599ef41725c1525",
    "https://deno.land/x/hono@v4.3.11/client/index.ts": "30def535310a37bede261f1b23d11a9758983b8e9d60a6c56309cee5f6746ab2",
    "https://deno.land/x/hono@v4.3.11/client/types.ts": "73fbec704cf968ca5c5bba10aa1131758c52ab31a78301451c79cfc47368d43c",
    "https://deno.land/x/hono@v4.3.11/client/utils.ts": "8be84b49c5c7952666875a8e901fde3044c85c853ea6ba3a7e2c0468478459c0",
    "https://deno.land/x/hono@v4.3.11/compose.ts": "37d6e33b7db80e4c43a0629b12fd3a1e3406e7d9e62a4bfad4b30426ea7ae4f1",
    "https://deno.land/x/hono@v4.3.11/context.ts": "facfd749d823a645039571d66d9d228f5ae6836818b65d3b6c4c6891adfe071e",
    "https://deno.land/x/hono@v4.3.11/helper/adapter/index.ts": "ff7e11eb1ca1fbd74ca3c46cd1d24014582f91491ef6d3846d66ed1cede18ec4",
    "https://deno.land/x/hono@v4.3.11/helper/cookie/index.ts": "689c84eae410f0444a4598f136a4f859b9122ec6f790dff74412d34405883db8",
    "https://deno.land/x/hono@v4.3.11/helper/html/index.ts": "48a0ddc576c10452db6c3cab03dd4ee6986ab61ebdc667335b40a81fa0487f69",
    "https://deno.land/x/hono@v4.3.11/hono-base.ts": "fd7e9c1bba1e13119e95158270011784da3a7c3014c149ba0700e700f840ae0d",
    "https://deno.land/x/hono@v4.3.11/hono.ts": "23edd0140bf0bd5a68c14ae96e5856a5cec6b844277e853b91025e91ea74f416",
    "https://deno.land/x/hono@v4.3.11/http-exception.ts": "f5dd375e61aa4b764eb9b99dd45a7160f8317fd36d3f79ae22585b9a5e8ad7c5",
    "https://deno.land/x/hono@v4.3.11/jsx/base.ts": "33f1c302c8f72ae948abd9c3ef85f4b3be6525251a13b95fd18fe2910b7d4a0d",
    "https://deno.land/x/hono@v4.3.11/jsx/children.ts": "26ead0f151faba5307883614b5b064299558f06798c695c432f32acbb1127d56",
    "https://deno.land/x/hono@v4.3.11/jsx/components.ts": "f79ab215f59388f01a69e2d6ec0b841fd3b42ba38e0ee7c93a525cdf06e159f9",
    "https://deno.land/x/hono@v4.3.11/jsx/constants.ts": "984e0797194be1fbc935cb688c8d0a60c112b21bc59301be5354c02232f18820",
    "https://deno.land/x/hono@v4.3.11/jsx/context.ts": "2b7a86e6b35da171fab27aa05f09748bb3eba64b26c037ea1da655c07e8f6bc1",
    "https://deno.land/x/hono@v4.3.11/jsx/dom/components.ts": "733da654edb3d4c178a4479649fac2c64e79069e37e848add0c3a49f90e7f2d7",
    "https://deno.land/x/hono@v4.3.11/jsx/dom/context.ts": "06209d14553398750c69252cc826082018cefa277f5c82cbe58d7261c8a2d81e",
    "https://deno.land/x/hono@v4.3.11/jsx/dom/jsx-dev-runtime.ts": "ba87562d14b77dd5f2a3cc30d41b1eb5edb0800e5f4a7337b5b87b2e66f8a099",
    "https://deno.land/x/hono@v4.3.11/jsx/dom/jsx-runtime.ts": "6a50a65306771a9000030f494d92a5fdeeb055112e0126234b2fd9179de1d4f5",
    "https://deno.land/x/hono@v4.3.11/jsx/dom/render.ts": "7db816d40de58c60e1cbdab64ac3f170b1e30696ed61ad449bbb823f60b46146",
    "https://deno.land/x/hono@v4.3.11/jsx/dom/utils.ts": "5d3e8c14996902db9c1223041fb21480fa0e921a4ccdc59f8c7571c08b7810f2",
    "https://deno.land/x/hono@v4.3.11/jsx/hooks/index.ts": "b7e0f0a754f31a1e1fbe0ac636b38b031603eb0ae195c32a30769a11d79fb871",
    "https://deno.land/x/hono@v4.3.11/jsx/index.ts": "fe3e582c2a4e24e5f8b6027925bddccaae0283747d8f0161eb6f5a34616edd11",
    "https://deno.land/x/hono@v4.3.11/jsx/streaming.ts": "5e5dde9a546041353b9a3860fc9020471f762813f10e1290009ab6bd40e7bdcf",
    "https://deno.land/x/hono@v4.3.11/jsx/types.ts": "51c2bdbb373860e2570ad403546a7fdbbb1cf00a47ce7ed10b2aece922031ac4",
    "https://deno.land/x/hono@v4.3.11/jsx/utils.ts": "4b8299d402ba5395472c552d1fe3297ee60112bfc32e0ef86cfe8e40086f7d54",
    "https://deno.land/x/hono@v4.3.11/middleware.ts": "2e7c6062e36b0e5f84b44a62e7b0e1cef33a9827c19937c648be4b63e1b7d7c6",
    "https://deno.land/x/hono@v4.3.11/middleware/basic-auth/index.ts": "2c8cb563f3b89df1a7a2232be37377c3df6194af38613dc0a823c6595816fc66",
    "https://deno.land/x/hono@v4.3.11/middleware/bearer-auth/index.ts": "b3b7469bc0eb9543c6c47f3ff67de879210dd73063307a61536042ff30e8720e",
    "https://deno.land/x/hono@v4.3.11/middleware/body-limit/index.ts": "3fefeaf7e6e576aa1b33f2694072d2eaab692842acd29cb360d98e20eebfe5aa",
    "https://deno.land/x/hono@v4.3.11/middleware/cache/index.ts": "5e6273e5c9ea73ef387b25923ab23274c220b29d7c981b62ac0be26d6a1aa3d8",
    "https://deno.land/x/hono@v4.3.11/middleware/compress/index.ts": "98c403a5fe7e9c5f5d776350b422b0a125fb34696851b8b14f825b9b7b06f2ac",
    "https://deno.land/x/hono@v4.3.11/middleware/cors/index.ts": "976eb9ce8cefc214b403a2939503a13177cec76223274609a07ca554e0dc623b",
    "https://deno.land/x/hono@v4.3.11/middleware/csrf/index.ts": "077bb0ce299d79d0d232cb9e462aaa4eaa901164f1310f74a7630f7e6cfe74e8",
    "https://deno.land/x/hono@v4.3.11/middleware/etag/index.ts": "95e0270ea349cf00537ee6e58985a4cc7dba44091ca8e2dc42b6d8b2f01bcfe7",
    "https://deno.land/x/hono@v4.3.11/middleware/jsx-renderer/index.ts": "229322c66ebc7f426cd2d71f282438025b4ee7ce8cb8e97e87c7efbc94530c19",
    "https://deno.land/x/hono@v4.3.11/middleware/jwt/index.ts": "fce4e2db52b4816bfe6bb3a468bd596ab4705527bee1edf679bc28ca53b28ba3",
    "https://deno.land/x/hono@v4.3.11/middleware/logger/index.ts": "52a2e968890ada2c11ce89a7a783692c5767b8ed7fb23ccf6b559d255d13ccbc",
    "https://deno.land/x/hono@v4.3.11/middleware/method-override/index.ts": "bc13bdcf70c777b72b1300a5cca1b51a8bd126e0d922b991d89e96fe7c694b5b",
    "https://deno.land/x/hono@v4.3.11/middleware/powered-by/index.ts": "6faba0cf042278d60b317b690640bb0b58747690cf280fa09024424c5174e66d",
    "https://deno.land/x/hono@v4.3.11/middleware/pretty-json/index.ts": "2216ce4c9910be009fecac63367c3626b46137d4cf7cb9a82913e501104b4a88",
    "https://deno.land/x/hono@v4.3.11/middleware/secure-headers/index.ts": "f2e4c3858d26ff47bc6909513607e6a3c31184aabe78fb272ed08e1d62a750f0",
    "https://deno.land/x/hono@v4.3.11/middleware/serve-static/index.ts": "14b760bbbc4478cc3a7fb9728730bc6300581c890365b7101b80c16e70e4b21e",
    "https://deno.land/x/hono@v4.3.11/middleware/timing/index.ts": "6fddbb3e47ae875c16907cf23b9bb503ec2ad858406418b5f38f1e7fbca8c6f6",
    "https://deno.land/x/hono@v4.3.11/middleware/trailing-slash/index.ts": "419cf0af99a137f591b72cc71c053e524fe3574393ce81e0e9dbce84a4046e24",
    "https://deno.land/x/hono@v4.3.11/mod.ts": "35fd2a2e14b52365e0ad66f168b067363fd0a60d75cbcb1b01685b04de97d60e",
    "https://deno.land/x/hono@v4.3.11/request.ts": "7b08602858e642d1626c3106c0bedc2aa8d97e30691a079351d9acef7c5955e6",
    "https://deno.land/x/hono@v4.3.11/router.ts": "880316f561918fc197481755aac2165fdbe2f530b925c5357a9f98d6e2cc85c7",
    "https://deno.land/x/hono@v4.3.11/router/linear-router/index.ts": "8a2a7144c50b1f4a92d9ee99c2c396716af144c868e10608255f969695efccd0",
    "https://deno.land/x/hono@v4.3.11/router/linear-router/router.ts": "928d29894e4b45b047a4f453c7f1745c8b1869cd68447e1cb710c7bbf99a4e29",
    "https://deno.land/x/hono@v4.3.11/router/pattern-router/index.ts": "304a66c50e243872037ed41c7dd79ed0c89d815e17e172e7ad7cdc4bc07d3383",
    "https://deno.land/x/hono@v4.3.11/router/pattern-router/router.ts": "1b5f68e6af942579d3a40ee834294fea3d1f05fd5f70514e46ae301dd0107e46",
    "https://deno.land/x/hono@v4.3.11/router/reg-exp-router/index.ts": "52755829213941756159b7a963097bafde5cc4fc22b13b1c7c9184dc0512d1db",
    "https://deno.land/x/hono@v4.3.11/router/reg-exp-router/node.ts": "7efaa6f4301efc2aad0519c84973061be8555da02e5868409293a1fd98536aaf",
    "https://deno.land/x/hono@v4.3.11/router/reg-exp-router/router.ts": "632f2fa426b3e45a66aeed03f7205dad6d13e8081bed6f8d1d987b6cad8fb455",
    "https://deno.land/x/hono@v4.3.11/router/reg-exp-router/trie.ts": "852ce7207e6701e47fa30889a0d2b8bfcd56d8862c97e7bc9831e0a64bd8835f",
    "https://deno.land/x/hono@v4.3.11/router/smart-router/index.ts": "74f9b4fe15ea535900f2b9b048581915f12fe94e531dd2b0032f5610e61c3bef",
    "https://deno.land/x/hono@v4.3.11/router/smart-router/router.ts": "dc22a8505a0f345476f07dca3054c0c50a64d7b81c9af5a904476490dfd5cbb4",
    "https://deno.land/x/hono@v4.3.11/router/trie-router/index.ts": "3eb75e7f71ba81801631b30de6b1f5cefb2c7239c03797e2b2cbab5085911b41",
    "https://deno.land/x/hono@v4.3.11/router/trie-router/node.ts": "d3e00e8f1ba7fb26896459d5bba882356891a07793387c4655d1864c519a91de",
    "https://deno.land/x/hono@v4.3.11/router/trie-router/router.ts": "54ced78d35676302c8fcdda4204f7bdf5a7cc907fbf9967c75674b1e394f830d",
    "https://deno.land/x/hono@v4.3.11/types.ts": "b561c3ee846121b33c2d81331246cdedf7781636ed72dad7406677105b4275de",
    "https://deno.land/x/hono@v4.3.11/utils/body.ts": "774cb319dfbe886a9d39f12c43dea15a39f9d01e45de0323167cdd5d0aad14d4",
    "https://deno.land/x/hono@v4.3.11/utils/buffer.ts": "2fae689954b427b51fb84ad02bed11a72eae96692c2973802b3b4c1e39cd5b9c",
    "https://deno.land/x/hono@v4.3.11/utils/color.ts": "10575c221f48bc806887710da8285f859f51daf9e6878bbdf99cb406b8494457",
    "https://deno.land/x/hono@v4.3.11/utils/cookie.ts": "662529d55703d2c0bad8736cb1274eb97524c0ef7882d99254fc7c8fa925b46c",
    "https://deno.land/x/hono@v4.3.11/utils/crypto.ts": "bda0e141bbe46d3a4a20f8fbcb6380d473b617123d9fdfa93e4499410b537acc",
    "https://deno.land/x/hono@v4.3.11/utils/encode.ts": "311dfdfae7eb0b6345e9680f7ebbb3a692e872ed964e2029aca38567af8d1f33",
    "https://deno.land/x/hono@v4.3.11/utils/filepath.ts": "a83e5fe87396bb291a6c5c28e13356fcbea0b5547bad2c3ba9660100ff964000",
    "https://deno.land/x/hono@v4.3.11/utils/html.ts": "6ea4f6bf41587a51607dff7a6d2865ef4d5001e4203b07e5c8a45b63a098e871",
    "https://deno.land/x/hono@v4.3.11/utils/http-status.ts": "f5b820f2793e45209f34deddf147b23e3133a89eb4c57dc643759a504706636b",
    "https://deno.land/x/hono@v4.3.11/utils/jwt/index.ts": "3b66f48cdd3fcc2caed5e908ca31776e11b1c30391008931276da3035e6ba1e9",
    "https://deno.land/x/hono@v4.3.11/utils/jwt/jwa.ts": "6874cacd8b6dde386636b81b5ea2754f8e4c61757802fa908dd1ce54b91a52fa",
    "https://deno.land/x/hono@v4.3.11/utils/jwt/jws.ts": "878fa7d1966b0db20ae231cfee279ba2bb198943e949049cab3f5845cd5ee2d1",
    "https://deno.land/x/hono@v4.3.11/utils/jwt/jwt.ts": "80452edc3498c6670a211fdcd33cfc4d5c00dfac79aa9f403b0623dedc039554",
    "https://deno.land/x/hono@v4.3.11/utils/jwt/types.ts": "b6659ac85e7f8fcdd8cdfc7d51f5d1a91107ad8dfb647a8e4ea9c80f0f02afee",
    "https://deno.land/x/hono@v4.3.11/utils/jwt/utf8.ts": "17c507f68f23ccb82503ea6183e54b5f748a6fe621eb60994adfb4a8c2a3f561",
    "https://deno.land/x/hono@v4.3.11/utils/mime.ts": "d1fc2c047191ccb01d736c6acf90df731324536298181dba0ecc2259e5f7d661",
    "https://deno.land/x/hono@v4.3.11/utils/stream.ts": "fc0cd246344ff13a203759a8bb99447725e303fa8940d081382c859476325012",
    "https://deno.land/x/hono@v4.3.11/utils/types.ts": "050bfa9dc6d0cc4b7c5069944a8bd60066c2f9f95ee69833623ad104f11f92bf",
    "https://deno.land/x/hono@v4.3.11/utils/url.ts": "855169632c61d03703bd08cafb27664ba3fdb352892f01687d5cce8fd49e3cb1",
    "https://deno.land/x/hono@v4.3.11/validator/index.ts": "6c986e8b91dcf857ecc8164a506ae8eea8665792a4ff7215471df669c632ae7c",
    "https://deno.land/x/hono@v4.3.11/validator/validator.ts": "53f3d2ad442e22f0bc2d85b7d8d90320d4e5ecf5fdd58882f906055d33a18e13",
    "https://deno.land/x/s3_lite_client@0.7.0/client.ts": "5acd15f2e231a7cac8a706b7157b71c9b551a760ddcce85679d3fe5d51b0dbd1",
    "https://deno.land/x/s3_lite_client@0.7.0/deps.ts": "ca6bc4f12c4ce4161f6390a17ed0800b541062ad6a43072c487ec1e004c410e6",
    "https://deno.land/x/s3_lite_client@0.7.0/errors.ts": "3dd431b0e96f346104d7be6c09e1659b5c360992e6487e35bacb881f10c5a5bf",
    "https://deno.land/x/s3_lite_client@0.7.0/helpers.ts": "6ba450312f54873805390cc7a11e61a7886dc00633f2ed20d941606568527332",
    "https://deno.land/x/s3_lite_client@0.7.0/mod.ts": "4a896cad948ae36e35a5025eff92a97366059fe8e01bb109df3889666c88bd1d",
    "https://deno.land/x/s3_lite_client@0.7.0/object-uploader.ts": "b4bad0d771d79b2bb23b8cab0e6f7be85a2390e18957c612fd5cda11c39f55b0",
    "https://deno.land/x/s3_lite_client@0.7.0/signing.ts": "2ba77aac07a7c94267e83d285bbd33fdb3253dfa32b035df62479d6b224bb748",
    "https://deno.land/x/s3_lite_client@0.7.0/transform-chunk-sizes.ts": "cecc1167ba366d086a13c754be6ed86717d6b0b27c779c4c766621435a697045",
    "https://deno.land/x/s3_lite_client@0.7.0/xml-parser.ts": "de925493369718cab6f26413fbbada18eec74aa6eaf0598d77c7296f5fdfd8a9",
    "https://esm.sh/hono@4.3.11/streaming": "85071e2bb64f4a57a1d326c3bd409d69c00d5f5a9611b0bb9de789e1e7499ea4",
    "https://esm.sh/ky@1.7.2": "5238ce1d59e224c5ac583a5d5a77f455d74860cbdc54f09bc170c7469983b7d5",
    "https://esm.sh/v135/hono@4.3.11/denonext/streaming.js": "f4b78a105650bc59f1a9025d032ef0c2dab70fde6dc281d5e304c227eabba20a",
    "https://esm.sh/v135/hono@4.3.11/denonext/utils/html.js": "89053dacef0323534980493ad5ca7e1050a8a3a57953a34856142fa72f4144be",
    "https://esm.sh/v135/hono@4.3.11/denonext/utils/stream.js": "020bb4bdb794e9481807b293d6c30e4900d7e5c3bd7408f516376be6f79466a5",
    "https://esm.sh/v135/ky@1.7.2/denonext/ky.mjs": "b5a85e5c12a91004096c4acf413d55cbc659139fb95455136aebcb73916ef95c"
  },
  "workspace": {
    "dependencies": [
      "npm:@myriaddreamin/typst-ts-node-compiler@0.5.0-rc8"
    ]
  }
}
